// !$*UTF8*$!
{
	archiveVersion = 1;
	classes = {
	};
	objectVersion = 54;
	objects = {

/* Begin PBXBuildFile section */
		6206C951256D6FF8003F3A67 /* URLSession.swift in Sources */ = {isa = PBXBuildFile; fileRef = 6206C950256D6FF8003F3A67 /* URLSession.swift */; };
		6206C954256D6FFC003F3A67 /* URLSession.swift in Sources */ = {isa = PBXBuildFile; fileRef = 6206C950256D6FF8003F3A67 /* URLSession.swift */; };
		620974A72ABB10DC0072FEBB /* AsyncOperation.swift in Sources */ = {isa = PBXBuildFile; fileRef = 620974A62ABB10DC0072FEBB /* AsyncOperation.swift */; };
		620F6A2B250BB75500B10032 /* DJSwiftHelpers.h in Headers */ = {isa = PBXBuildFile; fileRef = 620F6A29250BB75500B10032 /* DJSwiftHelpers.h */; settings = {ATTRIBUTES = (Public, ); }; };
		620F6A37250BB78200B10032 /* Array.swift in Sources */ = {isa = PBXBuildFile; fileRef = 620F6A32250BB78100B10032 /* Array.swift */; };
		620F6A39250BB78200B10032 /* String.swift in Sources */ = {isa = PBXBuildFile; fileRef = 620F6A34250BB78200B10032 /* String.swift */; };
		620F6A4E250BBCE900B10032 /* UserDefaults.swift in Sources */ = {isa = PBXBuildFile; fileRef = 620F6A4D250BBCE900B10032 /* UserDefaults.swift */; };
		621136ED255D5CAC003F8FBF /* DJSwiftHelpers.swift in Sources */ = {isa = PBXBuildFile; fileRef = 627631A6255D512F005C09B1 /* DJSwiftHelpers.swift */; };
		621B3C1F255D467000A5E77F /* DJSwiftHelpers.h in Headers */ = {isa = PBXBuildFile; fileRef = 620F6A29250BB75500B10032 /* DJSwiftHelpers.h */; settings = {ATTRIBUTES = (Public, ); }; };
		621B3C21255D467000A5E77F /* String.swift in Sources */ = {isa = PBXBuildFile; fileRef = 620F6A34250BB78200B10032 /* String.swift */; };
		621B3C22255D467000A5E77F /* URLRequest.swift in Sources */ = {isa = PBXBuildFile; fileRef = 62D6CDF1255C002B00ABD216 /* URLRequest.swift */; };
		621B3C24255D467000A5E77F /* Array.swift in Sources */ = {isa = PBXBuildFile; fileRef = 620F6A32250BB78100B10032 /* Array.swift */; };
		621B3C27255D467000A5E77F /* UserDefaults.swift in Sources */ = {isa = PBXBuildFile; fileRef = 620F6A4D250BBCE900B10032 /* UserDefaults.swift */; };
		621B3C29255D467000A5E77F /* URLResponse.swift in Sources */ = {isa = PBXBuildFile; fileRef = 62D6CDEE255BFFA300ABD216 /* URLResponse.swift */; };
		621B3C2A255D467000A5E77F /* Date.swift in Sources */ = {isa = PBXBuildFile; fileRef = 62D6CDEB255BFDA900ABD216 /* Date.swift */; };
		621B3C2C255D467000A5E77F /* Decodable.swift in Sources */ = {isa = PBXBuildFile; fileRef = 62D6CDE8255BFCCB00ABD216 /* Decodable.swift */; };
		6220B4C325ADDDC40064B9EB /* Collection.swift in Sources */ = {isa = PBXBuildFile; fileRef = 6220B4C225ADDDC40064B9EB /* Collection.swift */; };
		6220B4C425ADDDC40064B9EB /* Collection.swift in Sources */ = {isa = PBXBuildFile; fileRef = 6220B4C225ADDDC40064B9EB /* Collection.swift */; };
		6220B4C525ADDDC40064B9EB /* Collection.swift in Sources */ = {isa = PBXBuildFile; fileRef = 6220B4C225ADDDC40064B9EB /* Collection.swift */; };
		622D636F2948986E0050C770 /* UIButton.swift in Sources */ = {isa = PBXBuildFile; fileRef = 622D636E2948986E0050C770 /* UIButton.swift */; };
		622E8B4729167E54009F7A8D /* OnFirstAppear.swift in Sources */ = {isa = PBXBuildFile; fileRef = 622E8B3729167B14009F7A8D /* OnFirstAppear.swift */; };
		622E8B4829167E57009F7A8D /* OpenInSafari.swift in Sources */ = {isa = PBXBuildFile; fileRef = 622E8B3929167B79009F7A8D /* OpenInSafari.swift */; };
		622E8B4A2916818A009F7A8D /* DJSwiftHelpers.h in Headers */ = {isa = PBXBuildFile; fileRef = 622E8B492916818A009F7A8D /* DJSwiftHelpers.h */; settings = {ATTRIBUTES = (Public, ); }; };
		622E8B5F291683C1009F7A8D /* DJSwiftHelpers_SwiftUI_MacOS.h in Headers */ = {isa = PBXBuildFile; fileRef = 622E8B5E291683C1009F7A8D /* DJSwiftHelpers_SwiftUI_MacOS.h */; settings = {ATTRIBUTES = (Public, ); }; };
		622E8B63291683EF009F7A8D /* OnFirstAppear.swift in Sources */ = {isa = PBXBuildFile; fileRef = 622E8B3729167B14009F7A8D /* OnFirstAppear.swift */; };
		622E8B722916851E009F7A8D /* DJSwiftHelpers.h in Headers */ = {isa = PBXBuildFile; fileRef = 622E8B712916851E009F7A8D /* DJSwiftHelpers.h */; settings = {ATTRIBUTES = (Public, ); }; };
		622E8B7329168572009F7A8D /* OnFirstAppear.swift in Sources */ = {isa = PBXBuildFile; fileRef = 622E8B3729167B14009F7A8D /* OnFirstAppear.swift */; };
		625380722594BCE900C58B2F /* CLLocationCoordinate2D.swift in Sources */ = {isa = PBXBuildFile; fileRef = 625380712594BCE900C58B2F /* CLLocationCoordinate2D.swift */; };
		625380762594BDDD00C58B2F /* CLLocationCoordinate2D.swift in Sources */ = {isa = PBXBuildFile; fileRef = 625380712594BCE900C58B2F /* CLLocationCoordinate2D.swift */; };
		6253807A2594BDDD00C58B2F /* CLLocationCoordinate2D.swift in Sources */ = {isa = PBXBuildFile; fileRef = 625380712594BCE900C58B2F /* CLLocationCoordinate2D.swift */; };
		625380822594CE9B00C58B2F /* Double.swift in Sources */ = {isa = PBXBuildFile; fileRef = 625380812594CE9B00C58B2F /* Double.swift */; };
		625380862594CE9E00C58B2F /* Double.swift in Sources */ = {isa = PBXBuildFile; fileRef = 625380812594CE9B00C58B2F /* Double.swift */; };
		6253808A2594CE9E00C58B2F /* Double.swift in Sources */ = {isa = PBXBuildFile; fileRef = 625380812594CE9B00C58B2F /* Double.swift */; };
		6266548225F2765C00696303 /* DJSwiftHelpers_MacOS.h in Headers */ = {isa = PBXBuildFile; fileRef = 6266548025F2765C00696303 /* DJSwiftHelpers_MacOS.h */; settings = {ATTRIBUTES = (Public, ); }; };
		6266548A25F2766700696303 /* Array.swift in Sources */ = {isa = PBXBuildFile; fileRef = 620F6A32250BB78100B10032 /* Array.swift */; };
		6266549125F2767000696303 /* Codable.swift in Sources */ = {isa = PBXBuildFile; fileRef = 62754BA525E691E200F2F489 /* Codable.swift */; };
		6266549225F2767000696303 /* URLRequest.swift in Sources */ = {isa = PBXBuildFile; fileRef = 62D6CDF1255C002B00ABD216 /* URLRequest.swift */; };
		6266549525F2767000696303 /* CLLocationCoordinate2D.swift in Sources */ = {isa = PBXBuildFile; fileRef = 625380712594BCE900C58B2F /* CLLocationCoordinate2D.swift */; };
		6266549725F2767000696303 /* URLSession.swift in Sources */ = {isa = PBXBuildFile; fileRef = 6206C950256D6FF8003F3A67 /* URLSession.swift */; };
		6266549B25F2767000696303 /* Collection.swift in Sources */ = {isa = PBXBuildFile; fileRef = 6220B4C225ADDDC40064B9EB /* Collection.swift */; };
		6266549C25F2767000696303 /* Double.swift in Sources */ = {isa = PBXBuildFile; fileRef = 625380812594CE9B00C58B2F /* Double.swift */; };
		6266549E25F2767000696303 /* URLResponse.swift in Sources */ = {isa = PBXBuildFile; fileRef = 62D6CDEE255BFFA300ABD216 /* URLResponse.swift */; };
		6266549F25F2767000696303 /* DJSwiftHelpers.swift in Sources */ = {isa = PBXBuildFile; fileRef = 627631A6255D512F005C09B1 /* DJSwiftHelpers.swift */; };
		626654A025F2767000696303 /* UserDefaults.swift in Sources */ = {isa = PBXBuildFile; fileRef = 620F6A4D250BBCE900B10032 /* UserDefaults.swift */; };
		626654A125F2767000696303 /* String.swift in Sources */ = {isa = PBXBuildFile; fileRef = 620F6A34250BB78200B10032 /* String.swift */; };
		626654A225F2767000696303 /* Decodable.swift in Sources */ = {isa = PBXBuildFile; fileRef = 62D6CDE8255BFCCB00ABD216 /* Decodable.swift */; };
		626654A325F2767000696303 /* Date.swift in Sources */ = {isa = PBXBuildFile; fileRef = 62D6CDEB255BFDA900ABD216 /* Date.swift */; };
		62754BA625E691E200F2F489 /* Codable.swift in Sources */ = {isa = PBXBuildFile; fileRef = 62754BA525E691E200F2F489 /* Codable.swift */; };
		62754BA725E691E200F2F489 /* Codable.swift in Sources */ = {isa = PBXBuildFile; fileRef = 62754BA525E691E200F2F489 /* Codable.swift */; };
		62754BA825E691E200F2F489 /* Codable.swift in Sources */ = {isa = PBXBuildFile; fileRef = 62754BA525E691E200F2F489 /* Codable.swift */; };
		627631A7255D512F005C09B1 /* DJSwiftHelpers.swift in Sources */ = {isa = PBXBuildFile; fileRef = 627631A6255D512F005C09B1 /* DJSwiftHelpers.swift */; };
		62843F28291CFE16004DEA0E /* Gradient.swift in Sources */ = {isa = PBXBuildFile; fileRef = 62BFAA93273ECDE600DAC879 /* Gradient.swift */; };
		62843F29291CFE16004DEA0E /* UIDevice.swift in Sources */ = {isa = PBXBuildFile; fileRef = 6278E8492861A8590004DF29 /* UIDevice.swift */; };
		62843F2A291CFE16004DEA0E /* UIViewController.swift in Sources */ = {isa = PBXBuildFile; fileRef = 6278E8442861A8590004DF29 /* UIViewController.swift */; };
		62843F2B291CFE16004DEA0E /* UIColor.swift in Sources */ = {isa = PBXBuildFile; fileRef = 6278E8432861A8590004DF29 /* UIColor.swift */; };
		62843F2C291CFE16004DEA0E /* UILabel.swift in Sources */ = {isa = PBXBuildFile; fileRef = 6278E8452861A8590004DF29 /* UILabel.swift */; };
		62843F2D291CFE16004DEA0E /* UIFont.swift in Sources */ = {isa = PBXBuildFile; fileRef = 6278E8472861A8590004DF29 /* UIFont.swift */; };
		62843F2E291CFE16004DEA0E /* UIStackView.swift in Sources */ = {isa = PBXBuildFile; fileRef = 6278E8462861A8590004DF29 /* UIStackView.swift */; };
		62843F2F291CFE16004DEA0E /* UIApplication.swift in Sources */ = {isa = PBXBuildFile; fileRef = 6267B87826A07017009A31B1 /* UIApplication.swift */; };
		62843F30291CFE16004DEA0E /* UIView.swift in Sources */ = {isa = PBXBuildFile; fileRef = 6278E84A2861A8590004DF29 /* UIView.swift */; };
		62843F31291CFE16004DEA0E /* UIWindow.swift in Sources */ = {isa = PBXBuildFile; fileRef = 6267B87726A07017009A31B1 /* UIWindow.swift */; };
		62843F32291CFE16004DEA0E /* NSMutableAttributedString.swift in Sources */ = {isa = PBXBuildFile; fileRef = 6241494228F338EB00161522 /* NSMutableAttributedString.swift */; };
		62843F33291CFE16004DEA0E /* UIImage.swift in Sources */ = {isa = PBXBuildFile; fileRef = 6278E8482861A8590004DF29 /* UIImage.swift */; };
		62D6CDE9255BFCCB00ABD216 /* Decodable.swift in Sources */ = {isa = PBXBuildFile; fileRef = 62D6CDE8255BFCCB00ABD216 /* Decodable.swift */; };
		62D6CDEC255BFDA900ABD216 /* Date.swift in Sources */ = {isa = PBXBuildFile; fileRef = 62D6CDEB255BFDA900ABD216 /* Date.swift */; };
		62D6CDEF255BFFA300ABD216 /* URLResponse.swift in Sources */ = {isa = PBXBuildFile; fileRef = 62D6CDEE255BFFA300ABD216 /* URLResponse.swift */; };
		62D6CDF2255C002B00ABD216 /* URLRequest.swift in Sources */ = {isa = PBXBuildFile; fileRef = 62D6CDF1255C002B00ABD216 /* URLRequest.swift */; };
		62DEDA492636D40A00771544 /* FileManager.swift in Sources */ = {isa = PBXBuildFile; fileRef = 62DEDA482636D40A00771544 /* FileManager.swift */; };
		62DEDA4A2636D40A00771544 /* FileManager.swift in Sources */ = {isa = PBXBuildFile; fileRef = 62DEDA482636D40A00771544 /* FileManager.swift */; };
		62DEDA4B2636D40A00771544 /* FileManager.swift in Sources */ = {isa = PBXBuildFile; fileRef = 62DEDA482636D40A00771544 /* FileManager.swift */; };
		62DEDA4C2636D40A00771544 /* FileManager.swift in Sources */ = {isa = PBXBuildFile; fileRef = 62DEDA482636D40A00771544 /* FileManager.swift */; };
		62DF506B256E9A2F00C88FF7 /* DJSwiftHelpers.h in Headers */ = {isa = PBXBuildFile; fileRef = 620F6A29250BB75500B10032 /* DJSwiftHelpers.h */; settings = {ATTRIBUTES = (Public, ); }; };
		62DF5078256E9A8900C88FF7 /* Array.swift in Sources */ = {isa = PBXBuildFile; fileRef = 620F6A32250BB78100B10032 /* Array.swift */; };
		62DF507C256E9A8B00C88FF7 /* Date.swift in Sources */ = {isa = PBXBuildFile; fileRef = 62D6CDEB255BFDA900ABD216 /* Date.swift */; };
		62DF507D256E9A8D00C88FF7 /* DJSwiftHelpers.swift in Sources */ = {isa = PBXBuildFile; fileRef = 627631A6255D512F005C09B1 /* DJSwiftHelpers.swift */; };
		62DF5081256E9A9000C88FF7 /* String.swift in Sources */ = {isa = PBXBuildFile; fileRef = 620F6A34250BB78200B10032 /* String.swift */; };
		62DF50A5256E9AA500C88FF7 /* URLRequest.swift in Sources */ = {isa = PBXBuildFile; fileRef = 62D6CDF1255C002B00ABD216 /* URLRequest.swift */; };
		62DF50A9256E9AA600C88FF7 /* URLResponse.swift in Sources */ = {isa = PBXBuildFile; fileRef = 62D6CDEE255BFFA300ABD216 /* URLResponse.swift */; };
		62DF50AD256E9AA800C88FF7 /* URLSession.swift in Sources */ = {isa = PBXBuildFile; fileRef = 6206C950256D6FF8003F3A67 /* URLSession.swift */; };
		62DF50B1256E9AAA00C88FF7 /* UserDefaults.swift in Sources */ = {isa = PBXBuildFile; fileRef = 620F6A4D250BBCE900B10032 /* UserDefaults.swift */; };
		62DF50B5256E9AAD00C88FF7 /* Decodable.swift in Sources */ = {isa = PBXBuildFile; fileRef = 62D6CDE8255BFCCB00ABD216 /* Decodable.swift */; };
		62EC880526F8DACE00211A6A /* Locale.swift in Sources */ = {isa = PBXBuildFile; fileRef = 62EC880426F8DACE00211A6A /* Locale.swift */; };
		62EC880626F8DACE00211A6A /* Locale.swift in Sources */ = {isa = PBXBuildFile; fileRef = 62EC880426F8DACE00211A6A /* Locale.swift */; };
		62EC880726F8DACE00211A6A /* Locale.swift in Sources */ = {isa = PBXBuildFile; fileRef = 62EC880426F8DACE00211A6A /* Locale.swift */; };
		62EC880826F8DACE00211A6A /* Locale.swift in Sources */ = {isa = PBXBuildFile; fileRef = 62EC880426F8DACE00211A6A /* Locale.swift */; };
		62F315EB27A186F0003D2906 /* Task.swift in Sources */ = {isa = PBXBuildFile; fileRef = 62F315EA27A186F0003D2906 /* Task.swift */; };
		62F315EC27A186F0003D2906 /* Task.swift in Sources */ = {isa = PBXBuildFile; fileRef = 62F315EA27A186F0003D2906 /* Task.swift */; };
		62F315ED27A186F0003D2906 /* Task.swift in Sources */ = {isa = PBXBuildFile; fileRef = 62F315EA27A186F0003D2906 /* Task.swift */; };
		62F315EE27A186F0003D2906 /* Task.swift in Sources */ = {isa = PBXBuildFile; fileRef = 62F315EA27A186F0003D2906 /* Task.swift */; };
/* End PBXBuildFile section */

/* Begin PBXFileReference section */
		6206C950256D6FF8003F3A67 /* URLSession.swift */ = {isa = PBXFileReference; lastKnownFileType = sourcecode.swift; path = URLSession.swift; sourceTree = "<group>"; };
		620974A62ABB10DC0072FEBB /* AsyncOperation.swift */ = {isa = PBXFileReference; fileEncoding = 4; lastKnownFileType = sourcecode.swift; path = AsyncOperation.swift; sourceTree = "<group>"; };
		620F6A26250BB75500B10032 /* DJSwiftHelpers.framework */ = {isa = PBXFileReference; explicitFileType = wrapper.framework; includeInIndex = 0; path = DJSwiftHelpers.framework; sourceTree = BUILT_PRODUCTS_DIR; };
		620F6A29250BB75500B10032 /* DJSwiftHelpers.h */ = {isa = PBXFileReference; lastKnownFileType = sourcecode.c.h; path = DJSwiftHelpers.h; sourceTree = "<group>"; };
		620F6A2A250BB75500B10032 /* Info.plist */ = {isa = PBXFileReference; lastKnownFileType = text.plist.xml; path = Info.plist; sourceTree = "<group>"; };
		620F6A32250BB78100B10032 /* Array.swift */ = {isa = PBXFileReference; fileEncoding = 4; lastKnownFileType = sourcecode.swift; path = Array.swift; sourceTree = "<group>"; };
		620F6A34250BB78200B10032 /* String.swift */ = {isa = PBXFileReference; fileEncoding = 4; lastKnownFileType = sourcecode.swift; path = String.swift; sourceTree = "<group>"; };
		620F6A4D250BBCE900B10032 /* UserDefaults.swift */ = {isa = PBXFileReference; fileEncoding = 4; lastKnownFileType = sourcecode.swift; path = UserDefaults.swift; sourceTree = "<group>"; };
		621B3C35255D467000A5E77F /* DJSwiftHelpers_UIKit.framework */ = {isa = PBXFileReference; explicitFileType = wrapper.framework; includeInIndex = 0; path = DJSwiftHelpers_UIKit.framework; sourceTree = BUILT_PRODUCTS_DIR; };
		6220B4C225ADDDC40064B9EB /* Collection.swift */ = {isa = PBXFileReference; lastKnownFileType = sourcecode.swift; path = Collection.swift; sourceTree = "<group>"; };
		622D636E2948986E0050C770 /* UIButton.swift */ = {isa = PBXFileReference; lastKnownFileType = sourcecode.swift; path = UIButton.swift; sourceTree = "<group>"; };
		622E8B3729167B14009F7A8D /* OnFirstAppear.swift */ = {isa = PBXFileReference; lastKnownFileType = sourcecode.swift; path = OnFirstAppear.swift; sourceTree = "<group>"; };
		622E8B3929167B79009F7A8D /* OpenInSafari.swift */ = {isa = PBXFileReference; lastKnownFileType = sourcecode.swift; path = OpenInSafari.swift; sourceTree = "<group>"; };
		622E8B4029167E34009F7A8D /* DJSwiftHelpers_SwiftUI.framework */ = {isa = PBXFileReference; explicitFileType = wrapper.framework; includeInIndex = 0; path = DJSwiftHelpers_SwiftUI.framework; sourceTree = BUILT_PRODUCTS_DIR; };
		622E8B492916818A009F7A8D /* DJSwiftHelpers.h */ = {isa = PBXFileReference; lastKnownFileType = sourcecode.c.h; name = DJSwiftHelpers.h; path = DJSwiftHelpers/DJSwiftHelpers.h; sourceTree = "<group>"; };
		622E8B5C291683C1009F7A8D /* DJSwiftHelpers_SwiftUI.framework */ = {isa = PBXFileReference; explicitFileType = wrapper.framework; includeInIndex = 0; path = DJSwiftHelpers_SwiftUI.framework; sourceTree = BUILT_PRODUCTS_DIR; };
		622E8B5E291683C1009F7A8D /* DJSwiftHelpers_SwiftUI_MacOS.h */ = {isa = PBXFileReference; lastKnownFileType = sourcecode.c.h; path = DJSwiftHelpers_SwiftUI_MacOS.h; sourceTree = "<group>"; };
		622E8B6A2916848F009F7A8D /* DJSwiftHelpers_SwiftUI.framework */ = {isa = PBXFileReference; explicitFileType = wrapper.framework; includeInIndex = 0; path = DJSwiftHelpers_SwiftUI.framework; sourceTree = BUILT_PRODUCTS_DIR; };
		622E8B712916851E009F7A8D /* DJSwiftHelpers.h */ = {isa = PBXFileReference; lastKnownFileType = sourcecode.c.h; name = DJSwiftHelpers.h; path = DJSwiftHelpers/DJSwiftHelpers.h; sourceTree = "<group>"; };
		6241494228F338EB00161522 /* NSMutableAttributedString.swift */ = {isa = PBXFileReference; lastKnownFileType = sourcecode.swift; path = NSMutableAttributedString.swift; sourceTree = "<group>"; };
		625380712594BCE900C58B2F /* CLLocationCoordinate2D.swift */ = {isa = PBXFileReference; lastKnownFileType = sourcecode.swift; path = CLLocationCoordinate2D.swift; sourceTree = "<group>"; };
		625380812594CE9B00C58B2F /* Double.swift */ = {isa = PBXFileReference; lastKnownFileType = sourcecode.swift; path = Double.swift; sourceTree = "<group>"; };
		6266547E25F2765C00696303 /* DJSwiftHelpers.framework */ = {isa = PBXFileReference; explicitFileType = wrapper.framework; includeInIndex = 0; path = DJSwiftHelpers.framework; sourceTree = BUILT_PRODUCTS_DIR; };
		6266548025F2765C00696303 /* DJSwiftHelpers_MacOS.h */ = {isa = PBXFileReference; lastKnownFileType = sourcecode.c.h; path = DJSwiftHelpers_MacOS.h; sourceTree = "<group>"; };
		6266548125F2765C00696303 /* Info.plist */ = {isa = PBXFileReference; lastKnownFileType = text.plist.xml; path = Info.plist; sourceTree = "<group>"; };
		6267B87726A07017009A31B1 /* UIWindow.swift */ = {isa = PBXFileReference; fileEncoding = 4; lastKnownFileType = sourcecode.swift; path = UIWindow.swift; sourceTree = "<group>"; };
		6267B87826A07017009A31B1 /* UIApplication.swift */ = {isa = PBXFileReference; fileEncoding = 4; lastKnownFileType = sourcecode.swift; path = UIApplication.swift; sourceTree = "<group>"; };
		62754BA525E691E200F2F489 /* Codable.swift */ = {isa = PBXFileReference; lastKnownFileType = sourcecode.swift; path = Codable.swift; sourceTree = "<group>"; };
		627631A6255D512F005C09B1 /* DJSwiftHelpers.swift */ = {isa = PBXFileReference; lastKnownFileType = sourcecode.swift; path = DJSwiftHelpers.swift; sourceTree = "<group>"; };
		6278E8432861A8590004DF29 /* UIColor.swift */ = {isa = PBXFileReference; fileEncoding = 4; lastKnownFileType = sourcecode.swift; path = UIColor.swift; sourceTree = "<group>"; };
		6278E8442861A8590004DF29 /* UIViewController.swift */ = {isa = PBXFileReference; fileEncoding = 4; lastKnownFileType = sourcecode.swift; path = UIViewController.swift; sourceTree = "<group>"; };
		6278E8452861A8590004DF29 /* UILabel.swift */ = {isa = PBXFileReference; fileEncoding = 4; lastKnownFileType = sourcecode.swift; path = UILabel.swift; sourceTree = "<group>"; };
		6278E8462861A8590004DF29 /* UIStackView.swift */ = {isa = PBXFileReference; fileEncoding = 4; lastKnownFileType = sourcecode.swift; path = UIStackView.swift; sourceTree = "<group>"; };
		6278E8472861A8590004DF29 /* UIFont.swift */ = {isa = PBXFileReference; fileEncoding = 4; lastKnownFileType = sourcecode.swift; path = UIFont.swift; sourceTree = "<group>"; };
		6278E8482861A8590004DF29 /* UIImage.swift */ = {isa = PBXFileReference; fileEncoding = 4; lastKnownFileType = sourcecode.swift; path = UIImage.swift; sourceTree = "<group>"; };
		6278E8492861A8590004DF29 /* UIDevice.swift */ = {isa = PBXFileReference; fileEncoding = 4; lastKnownFileType = sourcecode.swift; path = UIDevice.swift; sourceTree = "<group>"; };
		6278E84A2861A8590004DF29 /* UIView.swift */ = {isa = PBXFileReference; fileEncoding = 4; lastKnownFileType = sourcecode.swift; path = UIView.swift; sourceTree = "<group>"; };
		62BFAA93273ECDE600DAC879 /* Gradient.swift */ = {isa = PBXFileReference; lastKnownFileType = sourcecode.swift; path = Gradient.swift; sourceTree = "<group>"; };
		62D6CDE8255BFCCB00ABD216 /* Decodable.swift */ = {isa = PBXFileReference; fileEncoding = 4; lastKnownFileType = sourcecode.swift; path = Decodable.swift; sourceTree = "<group>"; };
		62D6CDEB255BFDA900ABD216 /* Date.swift */ = {isa = PBXFileReference; fileEncoding = 4; lastKnownFileType = sourcecode.swift; path = Date.swift; sourceTree = "<group>"; };
		62D6CDEE255BFFA300ABD216 /* URLResponse.swift */ = {isa = PBXFileReference; lastKnownFileType = sourcecode.swift; path = URLResponse.swift; sourceTree = "<group>"; };
		62D6CDF1255C002B00ABD216 /* URLRequest.swift */ = {isa = PBXFileReference; fileEncoding = 4; lastKnownFileType = sourcecode.swift; path = URLRequest.swift; sourceTree = "<group>"; };
		62DEDA482636D40A00771544 /* FileManager.swift */ = {isa = PBXFileReference; lastKnownFileType = sourcecode.swift; path = FileManager.swift; sourceTree = "<group>"; };
		62DF505D256E99DB00C88FF7 /* DJSwiftHelpers.framework */ = {isa = PBXFileReference; explicitFileType = wrapper.framework; includeInIndex = 0; path = DJSwiftHelpers.framework; sourceTree = BUILT_PRODUCTS_DIR; };
		62EC880426F8DACE00211A6A /* Locale.swift */ = {isa = PBXFileReference; fileEncoding = 4; lastKnownFileType = sourcecode.swift; path = Locale.swift; sourceTree = "<group>"; };
		62F315EA27A186F0003D2906 /* Task.swift */ = {isa = PBXFileReference; lastKnownFileType = sourcecode.swift; path = Task.swift; sourceTree = "<group>"; };
/* End PBXFileReference section */

/* Begin PBXFrameworksBuildPhase section */
		620F6A23250BB75500B10032 /* Frameworks */ = {
			isa = PBXFrameworksBuildPhase;
			buildActionMask = 2147483647;
			files = (
			);
			runOnlyForDeploymentPostprocessing = 0;
		};
		621B3C30255D467000A5E77F /* Frameworks */ = {
			isa = PBXFrameworksBuildPhase;
			buildActionMask = 2147483647;
			files = (
			);
			runOnlyForDeploymentPostprocessing = 0;
		};
		622E8B3D29167E34009F7A8D /* Frameworks */ = {
			isa = PBXFrameworksBuildPhase;
			buildActionMask = 2147483647;
			files = (
			);
			runOnlyForDeploymentPostprocessing = 0;
		};
		622E8B59291683C1009F7A8D /* Frameworks */ = {
			isa = PBXFrameworksBuildPhase;
			buildActionMask = 2147483647;
			files = (
			);
			runOnlyForDeploymentPostprocessing = 0;
		};
		622E8B672916848F009F7A8D /* Frameworks */ = {
			isa = PBXFrameworksBuildPhase;
			buildActionMask = 2147483647;
			files = (
			);
			runOnlyForDeploymentPostprocessing = 0;
		};
		6266547B25F2765C00696303 /* Frameworks */ = {
			isa = PBXFrameworksBuildPhase;
			buildActionMask = 2147483647;
			files = (
			);
			runOnlyForDeploymentPostprocessing = 0;
		};
		62DF505A256E99DB00C88FF7 /* Frameworks */ = {
			isa = PBXFrameworksBuildPhase;
			buildActionMask = 2147483647;
			files = (
			);
			runOnlyForDeploymentPostprocessing = 0;
		};
/* End PBXFrameworksBuildPhase section */

/* Begin PBXGroup section */
		620F6A1C250BB75500B10032 = {
			isa = PBXGroup;
			children = (
				622E8B492916818A009F7A8D /* DJSwiftHelpers.h */,
				622E8B712916851E009F7A8D /* DJSwiftHelpers.h */,
				622E8B36291679A8009F7A8D /* SwiftUI */,
				6267B87626A07017009A31B1 /* UIKit */,
				620F6A31250BB76900B10032 /* Common */,
				620F6A28250BB75500B10032 /* DJSwiftHelpers */,
				6266547F25F2765C00696303 /* DJSwiftHelpers_MacOS */,
				622E8B5D291683C1009F7A8D /* DJSwiftHelpers_SwiftUI_MacOS */,
				620F6A27250BB75500B10032 /* Products */,
			);
			sourceTree = "<group>";
		};
		620F6A27250BB75500B10032 /* Products */ = {
			isa = PBXGroup;
			children = (
				620F6A26250BB75500B10032 /* DJSwiftHelpers.framework */,
				621B3C35255D467000A5E77F /* DJSwiftHelpers_UIKit.framework */,
				62DF505D256E99DB00C88FF7 /* DJSwiftHelpers.framework */,
				6266547E25F2765C00696303 /* DJSwiftHelpers.framework */,
				622E8B4029167E34009F7A8D /* DJSwiftHelpers_SwiftUI.framework */,
				622E8B5C291683C1009F7A8D /* DJSwiftHelpers_SwiftUI.framework */,
				622E8B6A2916848F009F7A8D /* DJSwiftHelpers_SwiftUI.framework */,
			);
			name = Products;
			sourceTree = "<group>";
		};
		620F6A28250BB75500B10032 /* DJSwiftHelpers */ = {
			isa = PBXGroup;
			children = (
				620F6A29250BB75500B10032 /* DJSwiftHelpers.h */,
				620F6A2A250BB75500B10032 /* Info.plist */,
			);
			path = DJSwiftHelpers;
			sourceTree = "<group>";
		};
		620F6A31250BB76900B10032 /* Common */ = {
			isa = PBXGroup;
			children = (
				620F6A32250BB78100B10032 /* Array.swift */,
				625380712594BCE900C58B2F /* CLLocationCoordinate2D.swift */,
				62754BA525E691E200F2F489 /* Codable.swift */,
				6220B4C225ADDDC40064B9EB /* Collection.swift */,
				62D6CDEB255BFDA900ABD216 /* Date.swift */,
				62D6CDE8255BFCCB00ABD216 /* Decodable.swift */,
				625380812594CE9B00C58B2F /* Double.swift */,
				627631A6255D512F005C09B1 /* DJSwiftHelpers.swift */,
				62DEDA482636D40A00771544 /* FileManager.swift */,
				62EC880426F8DACE00211A6A /* Locale.swift */,
				620F6A34250BB78200B10032 /* String.swift */,
				62F315EA27A186F0003D2906 /* Task.swift */,
				62D6CDF1255C002B00ABD216 /* URLRequest.swift */,
				62D6CDEE255BFFA300ABD216 /* URLResponse.swift */,
				6206C950256D6FF8003F3A67 /* URLSession.swift */,
				620F6A4D250BBCE900B10032 /* UserDefaults.swift */,
			);
			name = Common;
			path = Sources/Common;
			sourceTree = "<group>";
		};
		622E8B36291679A8009F7A8D /* SwiftUI */ = {
			isa = PBXGroup;
			children = (
				622E8B3729167B14009F7A8D /* OnFirstAppear.swift */,
				622E8B3929167B79009F7A8D /* OpenInSafari.swift */,
			);
			name = SwiftUI;
			path = Sources/SwiftUI;
			sourceTree = "<group>";
		};
		622E8B5D291683C1009F7A8D /* DJSwiftHelpers_SwiftUI_MacOS */ = {
			isa = PBXGroup;
			children = (
				622E8B5E291683C1009F7A8D /* DJSwiftHelpers_SwiftUI_MacOS.h */,
			);
			path = DJSwiftHelpers_SwiftUI_MacOS;
			sourceTree = "<group>";
		};
		6266547F25F2765C00696303 /* DJSwiftHelpers_MacOS */ = {
			isa = PBXGroup;
			children = (
				6266548025F2765C00696303 /* DJSwiftHelpers_MacOS.h */,
				6266548125F2765C00696303 /* Info.plist */,
			);
			path = DJSwiftHelpers_MacOS;
			sourceTree = "<group>";
		};
		6267B87626A07017009A31B1 /* UIKit */ = {
			isa = PBXGroup;
			children = (
				620974A62ABB10DC0072FEBB /* AsyncOperation.swift */,
				62BFAA93273ECDE600DAC879 /* Gradient.swift */,
				6241494228F338EB00161522 /* NSMutableAttributedString.swift */,
				6267B87826A07017009A31B1 /* UIApplication.swift */,
				622D636E2948986E0050C770 /* UIButton.swift */,
				6278E8432861A8590004DF29 /* UIColor.swift */,
				6278E8492861A8590004DF29 /* UIDevice.swift */,
				6278E8472861A8590004DF29 /* UIFont.swift */,
				6278E8482861A8590004DF29 /* UIImage.swift */,
				6278E8452861A8590004DF29 /* UILabel.swift */,
				6278E8462861A8590004DF29 /* UIStackView.swift */,
				6278E84A2861A8590004DF29 /* UIView.swift */,
				6278E8442861A8590004DF29 /* UIViewController.swift */,
				6267B87726A07017009A31B1 /* UIWindow.swift */,
			);
			name = UIKit;
			path = Sources/UIKit;
			sourceTree = "<group>";
		};
/* End PBXGroup section */

/* Begin PBXHeadersBuildPhase section */
		620F6A21250BB75500B10032 /* Headers */ = {
			isa = PBXHeadersBuildPhase;
			buildActionMask = 2147483647;
			files = (
				620F6A2B250BB75500B10032 /* DJSwiftHelpers.h in Headers */,
			);
			runOnlyForDeploymentPostprocessing = 0;
		};
		621B3C1E255D467000A5E77F /* Headers */ = {
			isa = PBXHeadersBuildPhase;
			buildActionMask = 2147483647;
			files = (
				621B3C1F255D467000A5E77F /* DJSwiftHelpers.h in Headers */,
			);
			runOnlyForDeploymentPostprocessing = 0;
		};
		622E8B3B29167E34009F7A8D /* Headers */ = {
			isa = PBXHeadersBuildPhase;
			buildActionMask = 2147483647;
			files = (
				622E8B4A2916818A009F7A8D /* DJSwiftHelpers.h in Headers */,
			);
			runOnlyForDeploymentPostprocessing = 0;
		};
		622E8B57291683C1009F7A8D /* Headers */ = {
			isa = PBXHeadersBuildPhase;
			buildActionMask = 2147483647;
			files = (
				622E8B5F291683C1009F7A8D /* DJSwiftHelpers_SwiftUI_MacOS.h in Headers */,
			);
			runOnlyForDeploymentPostprocessing = 0;
		};
		622E8B652916848F009F7A8D /* Headers */ = {
			isa = PBXHeadersBuildPhase;
			buildActionMask = 2147483647;
			files = (
				622E8B722916851E009F7A8D /* DJSwiftHelpers.h in Headers */,
			);
			runOnlyForDeploymentPostprocessing = 0;
		};
		6266547925F2765C00696303 /* Headers */ = {
			isa = PBXHeadersBuildPhase;
			buildActionMask = 2147483647;
			files = (
				6266548225F2765C00696303 /* DJSwiftHelpers_MacOS.h in Headers */,
			);
			runOnlyForDeploymentPostprocessing = 0;
		};
		62DF5058256E99DB00C88FF7 /* Headers */ = {
			isa = PBXHeadersBuildPhase;
			buildActionMask = 2147483647;
			files = (
				62DF506B256E9A2F00C88FF7 /* DJSwiftHelpers.h in Headers */,
			);
			runOnlyForDeploymentPostprocessing = 0;
		};
/* End PBXHeadersBuildPhase section */

/* Begin PBXNativeTarget section */
		620F6A25250BB75500B10032 /* DJSwiftHelpers */ = {
			isa = PBXNativeTarget;
			buildConfigurationList = 620F6A2E250BB75500B10032 /* Build configuration list for PBXNativeTarget "DJSwiftHelpers" */;
			buildPhases = (
				620F6A21250BB75500B10032 /* Headers */,
				620F6A22250BB75500B10032 /* Sources */,
				620F6A23250BB75500B10032 /* Frameworks */,
				620F6A24250BB75500B10032 /* Resources */,
			);
			buildRules = (
			);
			dependencies = (
			);
			name = DJSwiftHelpers;
			productName = DJSwiftHelpers;
			productReference = 620F6A26250BB75500B10032 /* DJSwiftHelpers.framework */;
			productType = "com.apple.product-type.framework";
		};
		621B3C1D255D467000A5E77F /* DJSwiftHelpers_UIKit */ = {
			isa = PBXNativeTarget;
			buildConfigurationList = 621B3C32255D467000A5E77F /* Build configuration list for PBXNativeTarget "DJSwiftHelpers_UIKit" */;
			buildPhases = (
				621B3C1E255D467000A5E77F /* Headers */,
				621B3C20255D467000A5E77F /* Sources */,
				621B3C30255D467000A5E77F /* Frameworks */,
				621B3C31255D467000A5E77F /* Resources */,
			);
			buildRules = (
			);
			dependencies = (
			);
			name = DJSwiftHelpers_UIKit;
			productName = DJSwiftHelpers;
			productReference = 621B3C35255D467000A5E77F /* DJSwiftHelpers_UIKit.framework */;
			productType = "com.apple.product-type.framework";
		};
		622E8B3F29167E34009F7A8D /* DJSwiftHelpers_SwiftUI */ = {
			isa = PBXNativeTarget;
			buildConfigurationList = 622E8B4629167E34009F7A8D /* Build configuration list for PBXNativeTarget "DJSwiftHelpers_SwiftUI" */;
			buildPhases = (
				622E8B3B29167E34009F7A8D /* Headers */,
				622E8B3C29167E34009F7A8D /* Sources */,
				622E8B3D29167E34009F7A8D /* Frameworks */,
				622E8B3E29167E34009F7A8D /* Resources */,
			);
			buildRules = (
			);
			dependencies = (
			);
			name = DJSwiftHelpers_SwiftUI;
			productName = DJSwiftHelpers_SwiftUI;
			productReference = 622E8B4029167E34009F7A8D /* DJSwiftHelpers_SwiftUI.framework */;
			productType = "com.apple.product-type.framework";
		};
		622E8B5B291683C1009F7A8D /* DJSwiftHelpers_SwiftUI_MacOS */ = {
			isa = PBXNativeTarget;
			buildConfigurationList = 622E8B60291683C1009F7A8D /* Build configuration list for PBXNativeTarget "DJSwiftHelpers_SwiftUI_MacOS" */;
			buildPhases = (
				622E8B57291683C1009F7A8D /* Headers */,
				622E8B58291683C1009F7A8D /* Sources */,
				622E8B59291683C1009F7A8D /* Frameworks */,
				622E8B5A291683C1009F7A8D /* Resources */,
			);
			buildRules = (
			);
			dependencies = (
			);
			name = DJSwiftHelpers_SwiftUI_MacOS;
			productName = DJSwiftHelpers_SwiftUI_MacOS;
			productReference = 622E8B5C291683C1009F7A8D /* DJSwiftHelpers_SwiftUI.framework */;
			productType = "com.apple.product-type.framework";
		};
		622E8B692916848F009F7A8D /* DJSwiftHelpers_SwiftUI_WatchOS */ = {
			isa = PBXNativeTarget;
			buildConfigurationList = 622E8B6E2916848F009F7A8D /* Build configuration list for PBXNativeTarget "DJSwiftHelpers_SwiftUI_WatchOS" */;
			buildPhases = (
				622E8B652916848F009F7A8D /* Headers */,
				622E8B662916848F009F7A8D /* Sources */,
				622E8B672916848F009F7A8D /* Frameworks */,
				622E8B682916848F009F7A8D /* Resources */,
			);
			buildRules = (
			);
			dependencies = (
			);
			name = DJSwiftHelpers_SwiftUI_WatchOS;
			productName = DJSwiftHelpers_SwiftUI_WatchOS;
			productReference = 622E8B6A2916848F009F7A8D /* DJSwiftHelpers_SwiftUI.framework */;
			productType = "com.apple.product-type.framework";
		};
		6266547D25F2765C00696303 /* DJSwiftHelpers_MacOS */ = {
			isa = PBXNativeTarget;
			buildConfigurationList = 6266548525F2765C00696303 /* Build configuration list for PBXNativeTarget "DJSwiftHelpers_MacOS" */;
			buildPhases = (
				6266547925F2765C00696303 /* Headers */,
				6266547A25F2765C00696303 /* Sources */,
				6266547B25F2765C00696303 /* Frameworks */,
				6266547C25F2765C00696303 /* Resources */,
			);
			buildRules = (
			);
			dependencies = (
			);
			name = DJSwiftHelpers_MacOS;
			productName = DJSwiftHelpers_MacOS;
			productReference = 6266547E25F2765C00696303 /* DJSwiftHelpers.framework */;
			productType = "com.apple.product-type.framework";
		};
		62DF505C256E99DB00C88FF7 /* DJSwiftHelpers_Watch */ = {
			isa = PBXNativeTarget;
			buildConfigurationList = 62DF5064256E99DB00C88FF7 /* Build configuration list for PBXNativeTarget "DJSwiftHelpers_Watch" */;
			buildPhases = (
				62DF5058256E99DB00C88FF7 /* Headers */,
				62DF5059256E99DB00C88FF7 /* Sources */,
				62DF505A256E99DB00C88FF7 /* Frameworks */,
				62DF505B256E99DB00C88FF7 /* Resources */,
			);
			buildRules = (
			);
			dependencies = (
			);
			name = DJSwiftHelpers_Watch;
			productName = DJSwiftHelpers_Watch;
			productReference = 62DF505D256E99DB00C88FF7 /* DJSwiftHelpers.framework */;
			productType = "com.apple.product-type.framework";
		};
/* End PBXNativeTarget section */

/* Begin PBXProject section */
		620F6A1D250BB75500B10032 /* Project object */ = {
			isa = PBXProject;
			attributes = {
				BuildIndependentTargetsInParallel = YES;
				LastUpgradeCheck = 1500;
				ORGANIZATIONNAME = "Dappological Ltd.";
				TargetAttributes = {
					620F6A25250BB75500B10032 = {
						CreatedOnToolsVersion = 11.7;
						LastSwiftMigration = 1170;
					};
					622E8B3F29167E34009F7A8D = {
						CreatedOnToolsVersion = 14.1;
					};
					622E8B5B291683C1009F7A8D = {
						CreatedOnToolsVersion = 14.1;
					};
					622E8B692916848F009F7A8D = {
						CreatedOnToolsVersion = 14.1;
					};
					6266547D25F2765C00696303 = {
						CreatedOnToolsVersion = 12.4;
					};
					62DF505C256E99DB00C88FF7 = {
						CreatedOnToolsVersion = 12.2;
					};
				};
			};
			buildConfigurationList = 620F6A20250BB75500B10032 /* Build configuration list for PBXProject "DJSwiftHelpers" */;
			compatibilityVersion = "Xcode 9.3";
			developmentRegion = en;
			hasScannedForEncodings = 0;
			knownRegions = (
				en,
				Base,
			);
			mainGroup = 620F6A1C250BB75500B10032;
			productRefGroup = 620F6A27250BB75500B10032 /* Products */;
			projectDirPath = "";
			projectRoot = "";
			targets = (
				620F6A25250BB75500B10032 /* DJSwiftHelpers */,
				62DF505C256E99DB00C88FF7 /* DJSwiftHelpers_Watch */,
				6266547D25F2765C00696303 /* DJSwiftHelpers_MacOS */,
				621B3C1D255D467000A5E77F /* DJSwiftHelpers_UIKit */,
				622E8B3F29167E34009F7A8D /* DJSwiftHelpers_SwiftUI */,
				622E8B5B291683C1009F7A8D /* DJSwiftHelpers_SwiftUI_MacOS */,
				622E8B692916848F009F7A8D /* DJSwiftHelpers_SwiftUI_WatchOS */,
			);
		};
/* End PBXProject section */

/* Begin PBXResourcesBuildPhase section */
		620F6A24250BB75500B10032 /* Resources */ = {
			isa = PBXResourcesBuildPhase;
			buildActionMask = 2147483647;
			files = (
			);
			runOnlyForDeploymentPostprocessing = 0;
		};
		621B3C31255D467000A5E77F /* Resources */ = {
			isa = PBXResourcesBuildPhase;
			buildActionMask = 2147483647;
			files = (
			);
			runOnlyForDeploymentPostprocessing = 0;
		};
		622E8B3E29167E34009F7A8D /* Resources */ = {
			isa = PBXResourcesBuildPhase;
			buildActionMask = 2147483647;
			files = (
			);
			runOnlyForDeploymentPostprocessing = 0;
		};
		622E8B5A291683C1009F7A8D /* Resources */ = {
			isa = PBXResourcesBuildPhase;
			buildActionMask = 2147483647;
			files = (
			);
			runOnlyForDeploymentPostprocessing = 0;
		};
		622E8B682916848F009F7A8D /* Resources */ = {
			isa = PBXResourcesBuildPhase;
			buildActionMask = 2147483647;
			files = (
			);
			runOnlyForDeploymentPostprocessing = 0;
		};
		6266547C25F2765C00696303 /* Resources */ = {
			isa = PBXResourcesBuildPhase;
			buildActionMask = 2147483647;
			files = (
			);
			runOnlyForDeploymentPostprocessing = 0;
		};
		62DF505B256E99DB00C88FF7 /* Resources */ = {
			isa = PBXResourcesBuildPhase;
			buildActionMask = 2147483647;
			files = (
			);
			runOnlyForDeploymentPostprocessing = 0;
		};
/* End PBXResourcesBuildPhase section */

/* Begin PBXSourcesBuildPhase section */
		620F6A22250BB75500B10032 /* Sources */ = {
			isa = PBXSourcesBuildPhase;
			buildActionMask = 2147483647;
			files = (
				62F315EB27A186F0003D2906 /* Task.swift in Sources */,
				620F6A39250BB78200B10032 /* String.swift in Sources */,
				62D6CDF2255C002B00ABD216 /* URLRequest.swift in Sources */,
				6206C951256D6FF8003F3A67 /* URLSession.swift in Sources */,
				620F6A37250BB78200B10032 /* Array.swift in Sources */,
				62EC880526F8DACE00211A6A /* Locale.swift in Sources */,
				620F6A4E250BBCE900B10032 /* UserDefaults.swift in Sources */,
				625380822594CE9B00C58B2F /* Double.swift in Sources */,
				62D6CDEF255BFFA300ABD216 /* URLResponse.swift in Sources */,
				6220B4C325ADDDC40064B9EB /* Collection.swift in Sources */,
				62D6CDEC255BFDA900ABD216 /* Date.swift in Sources */,
				62DEDA492636D40A00771544 /* FileManager.swift in Sources */,
				62754BA625E691E200F2F489 /* Codable.swift in Sources */,
				625380722594BCE900C58B2F /* CLLocationCoordinate2D.swift in Sources */,
				62D6CDE9255BFCCB00ABD216 /* Decodable.swift in Sources */,
				627631A7255D512F005C09B1 /* DJSwiftHelpers.swift in Sources */,
			);
			runOnlyForDeploymentPostprocessing = 0;
		};
		621B3C20255D467000A5E77F /* Sources */ = {
			isa = PBXSourcesBuildPhase;
			buildActionMask = 2147483647;
			files = (
				62843F31291CFE16004DEA0E /* UIWindow.swift in Sources */,
				62843F30291CFE16004DEA0E /* UIView.swift in Sources */,
				621B3C21255D467000A5E77F /* String.swift in Sources */,
				62843F2B291CFE16004DEA0E /* UIColor.swift in Sources */,
				62843F32291CFE16004DEA0E /* NSMutableAttributedString.swift in Sources */,
				622D636F2948986E0050C770 /* UIButton.swift in Sources */,
				62843F2D291CFE16004DEA0E /* UIFont.swift in Sources */,
				62843F2F291CFE16004DEA0E /* UIApplication.swift in Sources */,
				62843F29291CFE16004DEA0E /* UIDevice.swift in Sources */,
				621B3C22255D467000A5E77F /* URLRequest.swift in Sources */,
				6206C954256D6FFC003F3A67 /* URLSession.swift in Sources */,
				621B3C24255D467000A5E77F /* Array.swift in Sources */,
				621B3C27255D467000A5E77F /* UserDefaults.swift in Sources */,
				625380862594CE9E00C58B2F /* Double.swift in Sources */,
				621B3C29255D467000A5E77F /* URLResponse.swift in Sources */,
				62F315EC27A186F0003D2906 /* Task.swift in Sources */,
				6220B4C425ADDDC40064B9EB /* Collection.swift in Sources */,
				621B3C2A255D467000A5E77F /* Date.swift in Sources */,
				62DEDA4A2636D40A00771544 /* FileManager.swift in Sources */,
				62843F33291CFE16004DEA0E /* UIImage.swift in Sources */,
				62843F2C291CFE16004DEA0E /* UILabel.swift in Sources */,
				62754BA725E691E200F2F489 /* Codable.swift in Sources */,
				62843F2A291CFE16004DEA0E /* UIViewController.swift in Sources */,
				625380762594BDDD00C58B2F /* CLLocationCoordinate2D.swift in Sources */,
				62843F2E291CFE16004DEA0E /* UIStackView.swift in Sources */,
				621B3C2C255D467000A5E77F /* Decodable.swift in Sources */,
				621136ED255D5CAC003F8FBF /* DJSwiftHelpers.swift in Sources */,
				62EC880626F8DACE00211A6A /* Locale.swift in Sources */,
				620974A72ABB10DC0072FEBB /* AsyncOperation.swift in Sources */,
				62843F28291CFE16004DEA0E /* Gradient.swift in Sources */,
			);
			runOnlyForDeploymentPostprocessing = 0;
		};
		622E8B3C29167E34009F7A8D /* Sources */ = {
			isa = PBXSourcesBuildPhase;
			buildActionMask = 2147483647;
			files = (
				622E8B4829167E57009F7A8D /* OpenInSafari.swift in Sources */,
				622E8B4729167E54009F7A8D /* OnFirstAppear.swift in Sources */,
			);
			runOnlyForDeploymentPostprocessing = 0;
		};
		622E8B58291683C1009F7A8D /* Sources */ = {
			isa = PBXSourcesBuildPhase;
			buildActionMask = 2147483647;
			files = (
				622E8B63291683EF009F7A8D /* OnFirstAppear.swift in Sources */,
			);
			runOnlyForDeploymentPostprocessing = 0;
		};
		622E8B662916848F009F7A8D /* Sources */ = {
			isa = PBXSourcesBuildPhase;
			buildActionMask = 2147483647;
			files = (
				622E8B7329168572009F7A8D /* OnFirstAppear.swift in Sources */,
			);
			runOnlyForDeploymentPostprocessing = 0;
		};
		6266547A25F2765C00696303 /* Sources */ = {
			isa = PBXSourcesBuildPhase;
			buildActionMask = 2147483647;
			files = (
				62DEDA4C2636D40A00771544 /* FileManager.swift in Sources */,
				626654A125F2767000696303 /* String.swift in Sources */,
				626654A225F2767000696303 /* Decodable.swift in Sources */,
				6266549F25F2767000696303 /* DJSwiftHelpers.swift in Sources */,
				6266549725F2767000696303 /* URLSession.swift in Sources */,
				6266549E25F2767000696303 /* URLResponse.swift in Sources */,
				62EC880826F8DACE00211A6A /* Locale.swift in Sources */,
				6266549B25F2767000696303 /* Collection.swift in Sources */,
				6266549125F2767000696303 /* Codable.swift in Sources */,
				626654A025F2767000696303 /* UserDefaults.swift in Sources */,
				6266549525F2767000696303 /* CLLocationCoordinate2D.swift in Sources */,
				6266548A25F2766700696303 /* Array.swift in Sources */,
				626654A325F2767000696303 /* Date.swift in Sources */,
				6266549C25F2767000696303 /* Double.swift in Sources */,
				62F315EE27A186F0003D2906 /* Task.swift in Sources */,
				6266549225F2767000696303 /* URLRequest.swift in Sources */,
			);
			runOnlyForDeploymentPostprocessing = 0;
		};
		62DF5059256E99DB00C88FF7 /* Sources */ = {
			isa = PBXSourcesBuildPhase;
			buildActionMask = 2147483647;
			files = (
				62DEDA4B2636D40A00771544 /* FileManager.swift in Sources */,
				62DF507D256E9A8D00C88FF7 /* DJSwiftHelpers.swift in Sources */,
				62DF50AD256E9AA800C88FF7 /* URLSession.swift in Sources */,
				62754BA825E691E200F2F489 /* Codable.swift in Sources */,
				6253807A2594BDDD00C58B2F /* CLLocationCoordinate2D.swift in Sources */,
				62DF50B1256E9AAA00C88FF7 /* UserDefaults.swift in Sources */,
				62F315ED27A186F0003D2906 /* Task.swift in Sources */,
				6220B4C525ADDDC40064B9EB /* Collection.swift in Sources */,
				62DF5078256E9A8900C88FF7 /* Array.swift in Sources */,
				62DF5081256E9A9000C88FF7 /* String.swift in Sources */,
				62EC880726F8DACE00211A6A /* Locale.swift in Sources */,
				62DF50A5256E9AA500C88FF7 /* URLRequest.swift in Sources */,
				62DF50B5256E9AAD00C88FF7 /* Decodable.swift in Sources */,
				62DF507C256E9A8B00C88FF7 /* Date.swift in Sources */,
				6253808A2594CE9E00C58B2F /* Double.swift in Sources */,
				62DF50A9256E9AA600C88FF7 /* URLResponse.swift in Sources */,
			);
			runOnlyForDeploymentPostprocessing = 0;
		};
/* End PBXSourcesBuildPhase section */

/* Begin XCBuildConfiguration section */
		620F6A2C250BB75500B10032 /* Debug */ = {
			isa = XCBuildConfiguration;
			buildSettings = {
				ALWAYS_SEARCH_USER_PATHS = NO;
				ASSETCATALOG_COMPILER_GENERATE_SWIFT_ASSET_SYMBOL_EXTENSIONS = YES;
				CLANG_ANALYZER_NONNULL = YES;
				CLANG_ANALYZER_NUMBER_OBJECT_CONVERSION = YES_AGGRESSIVE;
				CLANG_CXX_LANGUAGE_STANDARD = "gnu++14";
				CLANG_CXX_LIBRARY = "libc++";
				CLANG_ENABLE_MODULES = YES;
				CLANG_ENABLE_OBJC_ARC = YES;
				CLANG_ENABLE_OBJC_WEAK = YES;
				CLANG_WARN_BLOCK_CAPTURE_AUTORELEASING = YES;
				CLANG_WARN_BOOL_CONVERSION = YES;
				CLANG_WARN_COMMA = YES;
				CLANG_WARN_CONSTANT_CONVERSION = YES;
				CLANG_WARN_DEPRECATED_OBJC_IMPLEMENTATIONS = YES;
				CLANG_WARN_DIRECT_OBJC_ISA_USAGE = YES_ERROR;
				CLANG_WARN_DOCUMENTATION_COMMENTS = YES;
				CLANG_WARN_EMPTY_BODY = YES;
				CLANG_WARN_ENUM_CONVERSION = YES;
				CLANG_WARN_INFINITE_RECURSION = YES;
				CLANG_WARN_INT_CONVERSION = YES;
				CLANG_WARN_NON_LITERAL_NULL_CONVERSION = YES;
				CLANG_WARN_OBJC_IMPLICIT_RETAIN_SELF = YES;
				CLANG_WARN_OBJC_LITERAL_CONVERSION = YES;
				CLANG_WARN_OBJC_ROOT_CLASS = YES_ERROR;
				CLANG_WARN_QUOTED_INCLUDE_IN_FRAMEWORK_HEADER = YES;
				CLANG_WARN_RANGE_LOOP_ANALYSIS = YES;
				CLANG_WARN_STRICT_PROTOTYPES = YES;
				CLANG_WARN_SUSPICIOUS_MOVE = YES;
				CLANG_WARN_UNGUARDED_AVAILABILITY = YES_AGGRESSIVE;
				CLANG_WARN_UNREACHABLE_CODE = YES;
				CLANG_WARN__DUPLICATE_METHOD_MATCH = YES;
				COPY_PHASE_STRIP = NO;
				CURRENT_PROJECT_VERSION = 1;
				DEBUG_INFORMATION_FORMAT = dwarf;
				ENABLE_STRICT_OBJC_MSGSEND = YES;
				ENABLE_TESTABILITY = YES;
				ENABLE_USER_SCRIPT_SANDBOXING = YES;
				GCC_C_LANGUAGE_STANDARD = gnu11;
				GCC_DYNAMIC_NO_PIC = NO;
				GCC_NO_COMMON_BLOCKS = YES;
				GCC_OPTIMIZATION_LEVEL = 0;
				GCC_PREPROCESSOR_DEFINITIONS = (
					"DEBUG=1",
					"$(inherited)",
				);
				GCC_WARN_64_TO_32_BIT_CONVERSION = YES;
				GCC_WARN_ABOUT_RETURN_TYPE = YES_ERROR;
				GCC_WARN_UNDECLARED_SELECTOR = YES;
				GCC_WARN_UNINITIALIZED_AUTOS = YES_AGGRESSIVE;
				GCC_WARN_UNUSED_FUNCTION = YES;
				GCC_WARN_UNUSED_VARIABLE = YES;
				IPHONEOS_DEPLOYMENT_TARGET = 12.0;
				MTL_ENABLE_DEBUG_INFO = INCLUDE_SOURCE;
				MTL_FAST_MATH = YES;
				ONLY_ACTIVE_ARCH = YES;
				SDKROOT = iphoneos;
				SWIFT_ACTIVE_COMPILATION_CONDITIONS = DEBUG;
				SWIFT_OPTIMIZATION_LEVEL = "-Onone";
				VERSIONING_SYSTEM = "apple-generic";
				VERSION_INFO_PREFIX = "";
			};
			name = Debug;
		};
		620F6A2D250BB75500B10032 /* Release */ = {
			isa = XCBuildConfiguration;
			buildSettings = {
				ALWAYS_SEARCH_USER_PATHS = NO;
				ASSETCATALOG_COMPILER_GENERATE_SWIFT_ASSET_SYMBOL_EXTENSIONS = YES;
				CLANG_ANALYZER_NONNULL = YES;
				CLANG_ANALYZER_NUMBER_OBJECT_CONVERSION = YES_AGGRESSIVE;
				CLANG_CXX_LANGUAGE_STANDARD = "gnu++14";
				CLANG_CXX_LIBRARY = "libc++";
				CLANG_ENABLE_MODULES = YES;
				CLANG_ENABLE_OBJC_ARC = YES;
				CLANG_ENABLE_OBJC_WEAK = YES;
				CLANG_WARN_BLOCK_CAPTURE_AUTORELEASING = YES;
				CLANG_WARN_BOOL_CONVERSION = YES;
				CLANG_WARN_COMMA = YES;
				CLANG_WARN_CONSTANT_CONVERSION = YES;
				CLANG_WARN_DEPRECATED_OBJC_IMPLEMENTATIONS = YES;
				CLANG_WARN_DIRECT_OBJC_ISA_USAGE = YES_ERROR;
				CLANG_WARN_DOCUMENTATION_COMMENTS = YES;
				CLANG_WARN_EMPTY_BODY = YES;
				CLANG_WARN_ENUM_CONVERSION = YES;
				CLANG_WARN_INFINITE_RECURSION = YES;
				CLANG_WARN_INT_CONVERSION = YES;
				CLANG_WARN_NON_LITERAL_NULL_CONVERSION = YES;
				CLANG_WARN_OBJC_IMPLICIT_RETAIN_SELF = YES;
				CLANG_WARN_OBJC_LITERAL_CONVERSION = YES;
				CLANG_WARN_OBJC_ROOT_CLASS = YES_ERROR;
				CLANG_WARN_QUOTED_INCLUDE_IN_FRAMEWORK_HEADER = YES;
				CLANG_WARN_RANGE_LOOP_ANALYSIS = YES;
				CLANG_WARN_STRICT_PROTOTYPES = YES;
				CLANG_WARN_SUSPICIOUS_MOVE = YES;
				CLANG_WARN_UNGUARDED_AVAILABILITY = YES_AGGRESSIVE;
				CLANG_WARN_UNREACHABLE_CODE = YES;
				CLANG_WARN__DUPLICATE_METHOD_MATCH = YES;
				COPY_PHASE_STRIP = NO;
				CURRENT_PROJECT_VERSION = 1;
				DEBUG_INFORMATION_FORMAT = "dwarf-with-dsym";
				ENABLE_NS_ASSERTIONS = NO;
				ENABLE_STRICT_OBJC_MSGSEND = YES;
				ENABLE_USER_SCRIPT_SANDBOXING = YES;
				GCC_C_LANGUAGE_STANDARD = gnu11;
				GCC_NO_COMMON_BLOCKS = YES;
				GCC_WARN_64_TO_32_BIT_CONVERSION = YES;
				GCC_WARN_ABOUT_RETURN_TYPE = YES_ERROR;
				GCC_WARN_UNDECLARED_SELECTOR = YES;
				GCC_WARN_UNINITIALIZED_AUTOS = YES_AGGRESSIVE;
				GCC_WARN_UNUSED_FUNCTION = YES;
				GCC_WARN_UNUSED_VARIABLE = YES;
				IPHONEOS_DEPLOYMENT_TARGET = 12.0;
				MTL_ENABLE_DEBUG_INFO = NO;
				MTL_FAST_MATH = YES;
				SDKROOT = iphoneos;
				SWIFT_COMPILATION_MODE = wholemodule;
				SWIFT_OPTIMIZATION_LEVEL = "-O";
				VALIDATE_PRODUCT = YES;
				VERSIONING_SYSTEM = "apple-generic";
				VERSION_INFO_PREFIX = "";
			};
			name = Release;
		};
		620F6A2F250BB75500B10032 /* Debug */ = {
			isa = XCBuildConfiguration;
			buildSettings = {
				APPLICATION_EXTENSION_API_ONLY = YES;
				CLANG_ENABLE_MODULES = YES;
				CODE_SIGN_IDENTITY = "";
				CODE_SIGN_STYLE = Automatic;
				CURRENT_PROJECT_VERSION = 2;
				DEFINES_MODULE = YES;
				DEVELOPMENT_TEAM = "";
				DYLIB_COMPATIBILITY_VERSION = 1;
				DYLIB_CURRENT_VERSION = 1;
				DYLIB_INSTALL_NAME_BASE = "@rpath";
				ENABLE_MODULE_VERIFIER = YES;
				INFOPLIST_FILE = DJSwiftHelpers/Info.plist;
				INSTALL_PATH = "$(LOCAL_LIBRARY_DIR)/Frameworks";
				IPHONEOS_DEPLOYMENT_TARGET = 12.0;
				LD_RUNPATH_SEARCH_PATHS = (
					"$(inherited)",
					"@executable_path/Frameworks",
					"@loader_path/Frameworks",
				);
				MACOSX_DEPLOYMENT_TARGET = 10.13;
				MODULE_VERIFIER_SUPPORTED_LANGUAGES = "objective-c objective-c++";
				MODULE_VERIFIER_SUPPORTED_LANGUAGE_STANDARDS = "gnu11 gnu++14";
				PRODUCT_BUNDLE_IDENTIFIER = com.dappological.DJSwiftHelpers;
				PRODUCT_NAME = "$(TARGET_NAME:c99extidentifier)";
				SKIP_INSTALL = YES;
				SWIFT_OPTIMIZATION_LEVEL = "-Onone";
				SWIFT_VERSION = 5.0;
				TARGETED_DEVICE_FAMILY = "1,2";
				WATCHOS_DEPLOYMENT_TARGET = 4.0;
			};
			name = Debug;
		};
		620F6A30250BB75500B10032 /* Release */ = {
			isa = XCBuildConfiguration;
			buildSettings = {
				APPLICATION_EXTENSION_API_ONLY = YES;
				CLANG_ENABLE_MODULES = YES;
				CODE_SIGN_IDENTITY = "";
				CODE_SIGN_STYLE = Automatic;
				CURRENT_PROJECT_VERSION = 2;
				DEFINES_MODULE = YES;
				DEVELOPMENT_TEAM = "";
				DYLIB_COMPATIBILITY_VERSION = 1;
				DYLIB_CURRENT_VERSION = 1;
				DYLIB_INSTALL_NAME_BASE = "@rpath";
				ENABLE_MODULE_VERIFIER = YES;
				INFOPLIST_FILE = DJSwiftHelpers/Info.plist;
				INSTALL_PATH = "$(LOCAL_LIBRARY_DIR)/Frameworks";
				IPHONEOS_DEPLOYMENT_TARGET = 12.0;
				LD_RUNPATH_SEARCH_PATHS = (
					"$(inherited)",
					"@executable_path/Frameworks",
					"@loader_path/Frameworks",
				);
				MACOSX_DEPLOYMENT_TARGET = 10.13;
				MODULE_VERIFIER_SUPPORTED_LANGUAGES = "objective-c objective-c++";
				MODULE_VERIFIER_SUPPORTED_LANGUAGE_STANDARDS = "gnu11 gnu++14";
				PRODUCT_BUNDLE_IDENTIFIER = com.dappological.DJSwiftHelpers;
				PRODUCT_NAME = "$(TARGET_NAME:c99extidentifier)";
				SKIP_INSTALL = YES;
				SWIFT_VERSION = 5.0;
				TARGETED_DEVICE_FAMILY = "1,2";
				WATCHOS_DEPLOYMENT_TARGET = 4.0;
			};
			name = Release;
		};
		621B3C33255D467000A5E77F /* Debug */ = {
			isa = XCBuildConfiguration;
			buildSettings = {
				APPLICATION_EXTENSION_API_ONLY = NO;
				CLANG_ENABLE_MODULES = YES;
				CODE_SIGN_IDENTITY = "";
				CODE_SIGN_STYLE = Automatic;
				CURRENT_PROJECT_VERSION = 2;
				DEFINES_MODULE = YES;
				DEVELOPMENT_TEAM = "";
				DYLIB_COMPATIBILITY_VERSION = 1;
				DYLIB_CURRENT_VERSION = 1;
				DYLIB_INSTALL_NAME_BASE = "@rpath";
				ENABLE_MODULE_VERIFIER = YES;
				INFOPLIST_FILE = DJSwiftHelpers/Info.plist;
				INSTALL_PATH = "$(LOCAL_LIBRARY_DIR)/Frameworks";
				IPHONEOS_DEPLOYMENT_TARGET = 12.0;
				LD_RUNPATH_SEARCH_PATHS = (
					"$(inherited)",
					"@executable_path/Frameworks",
					"@loader_path/Frameworks",
				);
				MODULE_VERIFIER_SUPPORTED_LANGUAGES = "objective-c objective-c++";
				MODULE_VERIFIER_SUPPORTED_LANGUAGE_STANDARDS = "gnu11 gnu++14";
				PRODUCT_BUNDLE_IDENTIFIER = "com.dappological.DJSwiftHelpers-Extension";
				PRODUCT_NAME = "$(TARGET_NAME)";
				SKIP_INSTALL = YES;
				SWIFT_ACTIVE_COMPILATION_CONDITIONS = "DEBUG IS_EXTENSION";
				SWIFT_OPTIMIZATION_LEVEL = "-Onone";
				SWIFT_VERSION = 5.0;
				TARGETED_DEVICE_FAMILY = "1,2";
			};
			name = Debug;
		};
		621B3C34255D467000A5E77F /* Release */ = {
			isa = XCBuildConfiguration;
			buildSettings = {
				APPLICATION_EXTENSION_API_ONLY = NO;
				CLANG_ENABLE_MODULES = YES;
				CODE_SIGN_IDENTITY = "";
				CODE_SIGN_STYLE = Automatic;
				CURRENT_PROJECT_VERSION = 2;
				DEFINES_MODULE = YES;
				DEVELOPMENT_TEAM = "";
				DYLIB_COMPATIBILITY_VERSION = 1;
				DYLIB_CURRENT_VERSION = 1;
				DYLIB_INSTALL_NAME_BASE = "@rpath";
				ENABLE_MODULE_VERIFIER = YES;
				INFOPLIST_FILE = DJSwiftHelpers/Info.plist;
				INSTALL_PATH = "$(LOCAL_LIBRARY_DIR)/Frameworks";
				IPHONEOS_DEPLOYMENT_TARGET = 12.0;
				LD_RUNPATH_SEARCH_PATHS = (
					"$(inherited)",
					"@executable_path/Frameworks",
					"@loader_path/Frameworks",
				);
				MODULE_VERIFIER_SUPPORTED_LANGUAGES = "objective-c objective-c++";
				MODULE_VERIFIER_SUPPORTED_LANGUAGE_STANDARDS = "gnu11 gnu++14";
				PRODUCT_BUNDLE_IDENTIFIER = "com.dappological.DJSwiftHelpers-Extension";
				PRODUCT_NAME = "$(TARGET_NAME)";
				SKIP_INSTALL = YES;
				SWIFT_ACTIVE_COMPILATION_CONDITIONS = IS_EXTENSION;
				SWIFT_VERSION = 5.0;
				TARGETED_DEVICE_FAMILY = "1,2";
			};
			name = Release;
		};
		622E8B4429167E34009F7A8D /* Debug */ = {
			isa = XCBuildConfiguration;
			buildSettings = {
				CLANG_CXX_LANGUAGE_STANDARD = "gnu++20";
				CODE_SIGN_IDENTITY = "";
				CODE_SIGN_STYLE = Automatic;
				CURRENT_PROJECT_VERSION = 1;
				DEFINES_MODULE = YES;
				DYLIB_COMPATIBILITY_VERSION = 1;
				DYLIB_CURRENT_VERSION = 1;
				DYLIB_INSTALL_NAME_BASE = "@rpath";
				ENABLE_MODULE_VERIFIER = YES;
				GENERATE_INFOPLIST_FILE = YES;
				INFOPLIST_KEY_NSHumanReadableCopyright = "Copyright © 2022 Dappological Ltd. All rights reserved.";
				INSTALL_PATH = "$(LOCAL_LIBRARY_DIR)/Frameworks";
				IPHONEOS_DEPLOYMENT_TARGET = 13.0;
				LD_RUNPATH_SEARCH_PATHS = (
					"$(inherited)",
					"@executable_path/Frameworks",
					"@loader_path/Frameworks",
				);
				MACOSX_DEPLOYMENT_TARGET = 10.15;
				MARKETING_VERSION = 1.0;
				MODULE_VERIFIER_SUPPORTED_LANGUAGES = "objective-c objective-c++";
				MODULE_VERIFIER_SUPPORTED_LANGUAGE_STANDARDS = "gnu11 gnu++20";
				PRODUCT_BUNDLE_IDENTIFIER = "com.dappological.DJSwiftHelpers-SwiftUI";
				PRODUCT_NAME = "$(TARGET_NAME:c99extidentifier)";
				SKIP_INSTALL = YES;
				SWIFT_EMIT_LOC_STRINGS = YES;
				SWIFT_VERSION = 5.0;
				TARGETED_DEVICE_FAMILY = "1,2,3,4,6";
				TVOS_DEPLOYMENT_TARGET = 13.0;
				WATCHOS_DEPLOYMENT_TARGET = 6.0;
			};
			name = Debug;
		};
		622E8B4529167E34009F7A8D /* Release */ = {
			isa = XCBuildConfiguration;
			buildSettings = {
				CLANG_CXX_LANGUAGE_STANDARD = "gnu++20";
				CODE_SIGN_IDENTITY = "";
				CODE_SIGN_STYLE = Automatic;
				CURRENT_PROJECT_VERSION = 1;
				DEFINES_MODULE = YES;
				DYLIB_COMPATIBILITY_VERSION = 1;
				DYLIB_CURRENT_VERSION = 1;
				DYLIB_INSTALL_NAME_BASE = "@rpath";
				ENABLE_MODULE_VERIFIER = YES;
				GENERATE_INFOPLIST_FILE = YES;
				INFOPLIST_KEY_NSHumanReadableCopyright = "Copyright © 2022 Dappological Ltd. All rights reserved.";
				INSTALL_PATH = "$(LOCAL_LIBRARY_DIR)/Frameworks";
				IPHONEOS_DEPLOYMENT_TARGET = 13.0;
				LD_RUNPATH_SEARCH_PATHS = (
					"$(inherited)",
					"@executable_path/Frameworks",
					"@loader_path/Frameworks",
				);
				MACOSX_DEPLOYMENT_TARGET = 10.15;
				MARKETING_VERSION = 1.0;
				MODULE_VERIFIER_SUPPORTED_LANGUAGES = "objective-c objective-c++";
				MODULE_VERIFIER_SUPPORTED_LANGUAGE_STANDARDS = "gnu11 gnu++20";
				PRODUCT_BUNDLE_IDENTIFIER = "com.dappological.DJSwiftHelpers-SwiftUI";
				PRODUCT_NAME = "$(TARGET_NAME:c99extidentifier)";
				SKIP_INSTALL = YES;
				SWIFT_EMIT_LOC_STRINGS = YES;
				SWIFT_VERSION = 5.0;
				TARGETED_DEVICE_FAMILY = "1,2,3,4,6";
				TVOS_DEPLOYMENT_TARGET = 13.0;
				WATCHOS_DEPLOYMENT_TARGET = 6.0;
			};
			name = Release;
		};
		622E8B61291683C1009F7A8D /* Debug */ = {
			isa = XCBuildConfiguration;
			buildSettings = {
				CLANG_CXX_LANGUAGE_STANDARD = "gnu++20";
				CODE_SIGN_STYLE = Automatic;
				COMBINE_HIDPI_IMAGES = YES;
				CURRENT_PROJECT_VERSION = 1;
				DEAD_CODE_STRIPPING = YES;
				DEFINES_MODULE = YES;
				DYLIB_COMPATIBILITY_VERSION = 1;
				DYLIB_CURRENT_VERSION = 1;
				DYLIB_INSTALL_NAME_BASE = "@rpath";
				ENABLE_MODULE_VERIFIER = YES;
				GENERATE_INFOPLIST_FILE = YES;
				INFOPLIST_KEY_NSHumanReadableCopyright = "Copyright © 2022 Dappological Ltd. All rights reserved.";
				INSTALL_PATH = "$(LOCAL_LIBRARY_DIR)/Frameworks";
				IPHONEOS_DEPLOYMENT_TARGET = 13.0;
				LD_RUNPATH_SEARCH_PATHS = (
					"$(inherited)",
					"@executable_path/../Frameworks",
					"@loader_path/Frameworks",
				);
				MACOSX_DEPLOYMENT_TARGET = 10.15;
				MARKETING_VERSION = 1.0;
				MODULE_VERIFIER_SUPPORTED_LANGUAGES = "objective-c objective-c++";
				MODULE_VERIFIER_SUPPORTED_LANGUAGE_STANDARDS = "gnu11 gnu++20";
				PRODUCT_BUNDLE_IDENTIFIER = "com.dappological.DJSwiftHelpers-SwiftUI-MacOS";
				PRODUCT_NAME = DJSwiftHelpers_SwiftUI;
				SDKROOT = macosx;
				SKIP_INSTALL = YES;
				SWIFT_EMIT_LOC_STRINGS = YES;
				SWIFT_VERSION = 5.0;
				TVOS_DEPLOYMENT_TARGET = 13.0;
				WATCHOS_DEPLOYMENT_TARGET = 6.0;
			};
			name = Debug;
		};
		622E8B62291683C1009F7A8D /* Release */ = {
			isa = XCBuildConfiguration;
			buildSettings = {
				CLANG_CXX_LANGUAGE_STANDARD = "gnu++20";
				CODE_SIGN_STYLE = Automatic;
				COMBINE_HIDPI_IMAGES = YES;
				CURRENT_PROJECT_VERSION = 1;
				DEAD_CODE_STRIPPING = YES;
				DEFINES_MODULE = YES;
				DYLIB_COMPATIBILITY_VERSION = 1;
				DYLIB_CURRENT_VERSION = 1;
				DYLIB_INSTALL_NAME_BASE = "@rpath";
				ENABLE_MODULE_VERIFIER = YES;
				GENERATE_INFOPLIST_FILE = YES;
				INFOPLIST_KEY_NSHumanReadableCopyright = "Copyright © 2022 Dappological Ltd. All rights reserved.";
				INSTALL_PATH = "$(LOCAL_LIBRARY_DIR)/Frameworks";
				IPHONEOS_DEPLOYMENT_TARGET = 13.0;
				LD_RUNPATH_SEARCH_PATHS = (
					"$(inherited)",
					"@executable_path/../Frameworks",
					"@loader_path/Frameworks",
				);
				MACOSX_DEPLOYMENT_TARGET = 10.15;
				MARKETING_VERSION = 1.0;
				MODULE_VERIFIER_SUPPORTED_LANGUAGES = "objective-c objective-c++";
				MODULE_VERIFIER_SUPPORTED_LANGUAGE_STANDARDS = "gnu11 gnu++20";
				PRODUCT_BUNDLE_IDENTIFIER = "com.dappological.DJSwiftHelpers-SwiftUI-MacOS";
				PRODUCT_NAME = DJSwiftHelpers_SwiftUI;
				SDKROOT = macosx;
				SKIP_INSTALL = YES;
				SWIFT_EMIT_LOC_STRINGS = YES;
				SWIFT_VERSION = 5.0;
				TVOS_DEPLOYMENT_TARGET = 13.0;
				WATCHOS_DEPLOYMENT_TARGET = 6.0;
			};
			name = Release;
		};
		622E8B6F2916848F009F7A8D /* Debug */ = {
			isa = XCBuildConfiguration;
			buildSettings = {
				CLANG_CXX_LANGUAGE_STANDARD = "gnu++20";
				CODE_SIGN_IDENTITY = "";
				CODE_SIGN_STYLE = Automatic;
				CURRENT_PROJECT_VERSION = 1;
				DEFINES_MODULE = YES;
				DYLIB_COMPATIBILITY_VERSION = 1;
				DYLIB_CURRENT_VERSION = 1;
				DYLIB_INSTALL_NAME_BASE = "@rpath";
				ENABLE_MODULE_VERIFIER = YES;
				GENERATE_INFOPLIST_FILE = YES;
				INFOPLIST_KEY_NSHumanReadableCopyright = "Copyright © 2022 Dappological Ltd. All rights reserved.";
				INSTALL_PATH = "$(LOCAL_LIBRARY_DIR)/Frameworks";
				IPHONEOS_DEPLOYMENT_TARGET = 13.0;
				LD_RUNPATH_SEARCH_PATHS = (
					"$(inherited)",
					"@executable_path/Frameworks",
					"@loader_path/Frameworks",
				);
				MACOSX_DEPLOYMENT_TARGET = 10.15;
				MARKETING_VERSION = 1.0;
				MODULE_VERIFIER_SUPPORTED_LANGUAGES = "objective-c objective-c++";
				MODULE_VERIFIER_SUPPORTED_LANGUAGE_STANDARDS = "gnu11 gnu++20";
				PRODUCT_BUNDLE_IDENTIFIER = "com.dappological.DJSwiftHelpers-SwiftUI-WatchOS";
				PRODUCT_NAME = DJSwiftHelpers_SwiftUI;
				SDKROOT = watchos;
				SKIP_INSTALL = YES;
				SWIFT_EMIT_LOC_STRINGS = YES;
				SWIFT_VERSION = 5.0;
				TARGETED_DEVICE_FAMILY = 4;
				TVOS_DEPLOYMENT_TARGET = 13.0;
				WATCHOS_DEPLOYMENT_TARGET = 6.0;
			};
			name = Debug;
		};
		622E8B702916848F009F7A8D /* Release */ = {
			isa = XCBuildConfiguration;
			buildSettings = {
				CLANG_CXX_LANGUAGE_STANDARD = "gnu++20";
				CODE_SIGN_IDENTITY = "";
				CODE_SIGN_STYLE = Automatic;
				CURRENT_PROJECT_VERSION = 1;
				DEFINES_MODULE = YES;
				DYLIB_COMPATIBILITY_VERSION = 1;
				DYLIB_CURRENT_VERSION = 1;
				DYLIB_INSTALL_NAME_BASE = "@rpath";
				ENABLE_MODULE_VERIFIER = YES;
				GENERATE_INFOPLIST_FILE = YES;
				INFOPLIST_KEY_NSHumanReadableCopyright = "Copyright © 2022 Dappological Ltd. All rights reserved.";
				INSTALL_PATH = "$(LOCAL_LIBRARY_DIR)/Frameworks";
				IPHONEOS_DEPLOYMENT_TARGET = 13.0;
				LD_RUNPATH_SEARCH_PATHS = (
					"$(inherited)",
					"@executable_path/Frameworks",
					"@loader_path/Frameworks",
				);
				MACOSX_DEPLOYMENT_TARGET = 10.15;
				MARKETING_VERSION = 1.0;
				MODULE_VERIFIER_SUPPORTED_LANGUAGES = "objective-c objective-c++";
				MODULE_VERIFIER_SUPPORTED_LANGUAGE_STANDARDS = "gnu11 gnu++20";
				PRODUCT_BUNDLE_IDENTIFIER = "com.dappological.DJSwiftHelpers-SwiftUI-WatchOS";
				PRODUCT_NAME = DJSwiftHelpers_SwiftUI;
				SDKROOT = watchos;
				SKIP_INSTALL = YES;
				SWIFT_EMIT_LOC_STRINGS = YES;
				SWIFT_VERSION = 5.0;
				TARGETED_DEVICE_FAMILY = 4;
				TVOS_DEPLOYMENT_TARGET = 13.0;
				WATCHOS_DEPLOYMENT_TARGET = 6.0;
			};
			name = Release;
		};
		6266548325F2765C00696303 /* Debug */ = {
			isa = XCBuildConfiguration;
			buildSettings = {
				APPLICATION_EXTENSION_API_ONLY = YES;
				CODE_SIGN_IDENTITY = "";
				CODE_SIGN_STYLE = Automatic;
				COMBINE_HIDPI_IMAGES = YES;
				DEAD_CODE_STRIPPING = YES;
				DEFINES_MODULE = YES;
				DEVELOPMENT_TEAM = WVY7N532MY;
				DYLIB_COMPATIBILITY_VERSION = 1;
				DYLIB_CURRENT_VERSION = 1;
				DYLIB_INSTALL_NAME_BASE = "@rpath";
				ENABLE_MODULE_VERIFIER = YES;
				INFOPLIST_FILE = DJSwiftHelpers_MacOS/Info.plist;
				INSTALL_PATH = "$(LOCAL_LIBRARY_DIR)/Frameworks";
				IPHONEOS_DEPLOYMENT_TARGET = 12.0;
				LD_RUNPATH_SEARCH_PATHS = (
					"$(inherited)",
					"@executable_path/../Frameworks",
					"@loader_path/Frameworks",
				);
				MACOSX_DEPLOYMENT_TARGET = 10.13;
				MODULE_VERIFIER_SUPPORTED_LANGUAGES = "objective-c objective-c++";
				MODULE_VERIFIER_SUPPORTED_LANGUAGE_STANDARDS = "gnu11 gnu++14";
				PRODUCT_BUNDLE_IDENTIFIER = "com.dappological.DJSwiftHelpers-MacOS";
				PRODUCT_NAME = DJSwiftHelpers;
				SDKROOT = macosx;
				SKIP_INSTALL = YES;
				SWIFT_VERSION = 5.0;
				WATCHOS_DEPLOYMENT_TARGET = 4.0;
			};
			name = Debug;
		};
		6266548425F2765C00696303 /* Release */ = {
			isa = XCBuildConfiguration;
			buildSettings = {
				APPLICATION_EXTENSION_API_ONLY = YES;
				CODE_SIGN_IDENTITY = "";
				CODE_SIGN_STYLE = Automatic;
				COMBINE_HIDPI_IMAGES = YES;
				DEAD_CODE_STRIPPING = YES;
				DEFINES_MODULE = YES;
				DEVELOPMENT_TEAM = WVY7N532MY;
				DYLIB_COMPATIBILITY_VERSION = 1;
				DYLIB_CURRENT_VERSION = 1;
				DYLIB_INSTALL_NAME_BASE = "@rpath";
				ENABLE_MODULE_VERIFIER = YES;
				INFOPLIST_FILE = DJSwiftHelpers_MacOS/Info.plist;
				INSTALL_PATH = "$(LOCAL_LIBRARY_DIR)/Frameworks";
				IPHONEOS_DEPLOYMENT_TARGET = 12.0;
				LD_RUNPATH_SEARCH_PATHS = (
					"$(inherited)",
					"@executable_path/../Frameworks",
					"@loader_path/Frameworks",
				);
				MACOSX_DEPLOYMENT_TARGET = 10.13;
				MODULE_VERIFIER_SUPPORTED_LANGUAGES = "objective-c objective-c++";
				MODULE_VERIFIER_SUPPORTED_LANGUAGE_STANDARDS = "gnu11 gnu++14";
				PRODUCT_BUNDLE_IDENTIFIER = "com.dappological.DJSwiftHelpers-MacOS";
				PRODUCT_NAME = DJSwiftHelpers;
				SDKROOT = macosx;
				SKIP_INSTALL = YES;
				SWIFT_VERSION = 5.0;
				WATCHOS_DEPLOYMENT_TARGET = 4.0;
			};
			name = Release;
		};
		62DF5062256E99DB00C88FF7 /* Debug */ = {
			isa = XCBuildConfiguration;
			buildSettings = {
				APPLICATION_EXTENSION_API_ONLY = YES;
				CODE_SIGN_IDENTITY = "";
				CODE_SIGN_STYLE = Automatic;
				CURRENT_PROJECT_VERSION = 2;
				DEFINES_MODULE = YES;
				DEVELOPMENT_TEAM = 2D95M63CXY;
				DYLIB_COMPATIBILITY_VERSION = 1;
				DYLIB_CURRENT_VERSION = 1;
				DYLIB_INSTALL_NAME_BASE = "@rpath";
				ENABLE_MODULE_VERIFIER = YES;
				INFOPLIST_FILE = DJSwiftHelpers/Info.plist;
				INSTALL_PATH = "$(LOCAL_LIBRARY_DIR)/Frameworks";
				IPHONEOS_DEPLOYMENT_TARGET = 12.0;
				LD_RUNPATH_SEARCH_PATHS = (
					"$(inherited)",
					"@executable_path/Frameworks",
					"@loader_path/Frameworks",
				);
				MACOSX_DEPLOYMENT_TARGET = 10.13;
				MODULE_VERIFIER_SUPPORTED_LANGUAGES = "objective-c objective-c++";
				MODULE_VERIFIER_SUPPORTED_LANGUAGE_STANDARDS = "gnu11 gnu++14";
				PRODUCT_BUNDLE_IDENTIFIER = "com.dappological.DJSwiftHelpers-Watch";
				PRODUCT_NAME = DJSwiftHelpers;
				SDKROOT = watchos;
				SKIP_INSTALL = YES;
				SWIFT_ACTIVE_COMPILATION_CONDITIONS = "DEBUG IS_WATCH";
				SWIFT_VERSION = 5.0;
				TARGETED_DEVICE_FAMILY = 4;
				WATCHOS_DEPLOYMENT_TARGET = 4.0;
			};
			name = Debug;
		};
		62DF5063256E99DB00C88FF7 /* Release */ = {
			isa = XCBuildConfiguration;
			buildSettings = {
				APPLICATION_EXTENSION_API_ONLY = YES;
				CODE_SIGN_IDENTITY = "";
				CODE_SIGN_STYLE = Automatic;
				CURRENT_PROJECT_VERSION = 2;
				DEFINES_MODULE = YES;
				DEVELOPMENT_TEAM = 2D95M63CXY;
				DYLIB_COMPATIBILITY_VERSION = 1;
				DYLIB_CURRENT_VERSION = 1;
				DYLIB_INSTALL_NAME_BASE = "@rpath";
				ENABLE_MODULE_VERIFIER = YES;
				INFOPLIST_FILE = DJSwiftHelpers/Info.plist;
				INSTALL_PATH = "$(LOCAL_LIBRARY_DIR)/Frameworks";
				IPHONEOS_DEPLOYMENT_TARGET = 12.0;
				LD_RUNPATH_SEARCH_PATHS = (
					"$(inherited)",
					"@executable_path/Frameworks",
					"@loader_path/Frameworks",
				);
				MACOSX_DEPLOYMENT_TARGET = 10.13;
				MODULE_VERIFIER_SUPPORTED_LANGUAGES = "objective-c objective-c++";
				MODULE_VERIFIER_SUPPORTED_LANGUAGE_STANDARDS = "gnu11 gnu++14";
				PRODUCT_BUNDLE_IDENTIFIER = "com.dappological.DJSwiftHelpers-Watch";
				PRODUCT_NAME = DJSwiftHelpers;
				SDKROOT = watchos;
				SKIP_INSTALL = YES;
				SWIFT_ACTIVE_COMPILATION_CONDITIONS = IS_WATCH;
				SWIFT_VERSION = 5.0;
				TARGETED_DEVICE_FAMILY = 4;
				WATCHOS_DEPLOYMENT_TARGET = 4.0;
			};
			name = Release;
		};
/* End XCBuildConfiguration section */

/* Begin XCConfigurationList section */
		620F6A20250BB75500B10032 /* Build configuration list for PBXProject "DJSwiftHelpers" */ = {
			isa = XCConfigurationList;
			buildConfigurations = (
				620F6A2C250BB75500B10032 /* Debug */,
				620F6A2D250BB75500B10032 /* Release */,
			);
			defaultConfigurationIsVisible = 0;
			defaultConfigurationName = Release;
		};
		620F6A2E250BB75500B10032 /* Build configuration list for PBXNativeTarget "DJSwiftHelpers" */ = {
			isa = XCConfigurationList;
			buildConfigurations = (
				620F6A2F250BB75500B10032 /* Debug */,
				620F6A30250BB75500B10032 /* Release */,
			);
			defaultConfigurationIsVisible = 0;
			defaultConfigurationName = Release;
		};
		621B3C32255D467000A5E77F /* Build configuration list for PBXNativeTarget "DJSwiftHelpers_UIKit" */ = {
			isa = XCConfigurationList;
			buildConfigurations = (
				621B3C33255D467000A5E77F /* Debug */,
				621B3C34255D467000A5E77F /* Release */,
			);
			defaultConfigurationIsVisible = 0;
			defaultConfigurationName = Release;
		};
		622E8B4629167E34009F7A8D /* Build configuration list for PBXNativeTarget "DJSwiftHelpers_SwiftUI" */ = {
			isa = XCConfigurationList;
			buildConfigurations = (
				622E8B4429167E34009F7A8D /* Debug */,
				622E8B4529167E34009F7A8D /* Release */,
			);
			defaultConfigurationIsVisible = 0;
			defaultConfigurationName = Release;
		};
		622E8B60291683C1009F7A8D /* Build configuration list for PBXNativeTarget "DJSwiftHelpers_SwiftUI_MacOS" */ = {
			isa = XCConfigurationList;
			buildConfigurations = (
				622E8B61291683C1009F7A8D /* Debug */,
				622E8B62291683C1009F7A8D /* Release */,
			);
			defaultConfigurationIsVisible = 0;
			defaultConfigurationName = Release;
		};
		622E8B6E2916848F009F7A8D /* Build configuration list for PBXNativeTarget "DJSwiftHelpers_SwiftUI_WatchOS" */ = {
			isa = XCConfigurationList;
			buildConfigurations = (
				622E8B6F2916848F009F7A8D /* Debug */,
				622E8B702916848F009F7A8D /* Release */,
			);
			defaultConfigurationIsVisible = 0;
			defaultConfigurationName = Release;
		};
		6266548525F2765C00696303 /* Build configuration list for PBXNativeTarget "DJSwiftHelpers_MacOS" */ = {
			isa = XCConfigurationList;
			buildConfigurations = (
				6266548325F2765C00696303 /* Debug */,
				6266548425F2765C00696303 /* Release */,
			);
			defaultConfigurationIsVisible = 0;
			defaultConfigurationName = Release;
		};
		62DF5064256E99DB00C88FF7 /* Build configuration list for PBXNativeTarget "DJSwiftHelpers_Watch" */ = {
			isa = XCConfigurationList;
			buildConfigurations = (
				62DF5062256E99DB00C88FF7 /* Debug */,
				62DF5063256E99DB00C88FF7 /* Release */,
			);
			defaultConfigurationIsVisible = 0;
			defaultConfigurationName = Release;
		};
/* End XCConfigurationList section */
	};
	rootObject = 620F6A1D250BB75500B10032 /* Project object */;
}
